<?xml version="1.0" encoding="utf-8"?>
<Project ToolsVersion="4.0" xmlns="http://schemas.microsoft.com/developer/msbuild/2003">
  <ItemGroup>
    <Filter Include="소스 파일">
      <UniqueIdentifier>{4FC737F1-C7A5-4376-A066-2A32D752A2FF}</UniqueIdentifier>
      <Extensions>cpp;c;cc;cxx;def;odl;idl;hpj;bat;asm;asmx</Extensions>
    </Filter>
    <Filter Include="헤더 파일">
      <UniqueIdentifier>{93995380-89BD-4b04-88EB-625FBE52EBFB}</UniqueIdentifier>
      <Extensions>h;hh;hpp;hxx;hm;inl;inc;xsd</Extensions>
    </Filter>
    <Filter Include="리소스 파일">
      <UniqueIdentifier>{67DA6AB6-F800-4c08-8B7A-83BB121AAD01}</UniqueIdentifier>
      <Extensions>rc;ico;cur;bmp;dlg;rc2;rct;bin;rgs;gif;jpg;jpeg;jpe;resx;tiff;tif;png;wav;mfcribbon-ms</Extensions>
    </Filter>
    <Filter Include="GameFramework2D">
      <UniqueIdentifier>{cbb5c6be-0c4c-49fa-8782-cb498aceb277}</UniqueIdentifier>
    </Filter>
    <Filter Include="GameFramework2D\MainGame">
      <UniqueIdentifier>{acb4b4fc-42f9-4fcf-bc1b-b3a75cb7abdf}</UniqueIdentifier>
    </Filter>
    <Filter Include="GameFramework2D\Manager">
      <UniqueIdentifier>{31e3418b-eac8-4502-ba96-d42100624c1d}</UniqueIdentifier>
    </Filter>
    <Filter Include="GameFramework2D\Util">
      <UniqueIdentifier>{a88870f9-76df-4dd9-9b3f-805a73111de9}</UniqueIdentifier>
    </Filter>
    <Filter Include="GameFramework2D\Source">
      <UniqueIdentifier>{67bf6a42-6e1c-4fb1-a2d8-f681ce4eeb64}</UniqueIdentifier>
    </Filter>
  </ItemGroup>
  <ItemGroup>
    <Text Include="ReadMe.txt" />
  </ItemGroup>
  <ItemGroup>
    <ClInclude Include="stdafx.h">
      <Filter>헤더 파일</Filter>
    </ClInclude>
    <ClInclude Include="targetver.h">
      <Filter>헤더 파일</Filter>
    </ClInclude>
    <ClInclude Include="resource.h">
      <Filter>헤더 파일</Filter>
    </ClInclude>
    <ClInclude Include="WinAPITemplate.h">
      <Filter>헤더 파일</Filter>
    </ClInclude>
    <ClInclude Include="MainGame.h">
      <Filter>GameFramework2D\MainGame</Filter>
    </ClInclude>
    <ClInclude Include="GameNode.h">
      <Filter>GameFramework2D\MainGame</Filter>
    </ClInclude>
    <ClInclude Include="KeyManager.h">
      <Filter>GameFramework2D\Manager</Filter>
    </ClInclude>
    <ClInclude Include="SingletonBase.h">
      <Filter>GameFramework2D\Manager</Filter>
    </ClInclude>
    <ClInclude Include="ShootingGallery.h">
      <Filter>GameFramework2D\Source</Filter>
    </ClInclude>
    <ClInclude Include="ShootingTarget.h">
      <Filter>GameFramework2D\Source</Filter>
    </ClInclude>
    <ClInclude Include="EnumSet.h">
      <Filter>GameFramework2D\Manager</Filter>
    </ClInclude>
  </ItemGroup>
  <ItemGroup>
    <ClCompile Include="stdafx.cpp">
      <Filter>소스 파일</Filter>
    </ClCompile>
    <ClCompile Include="WinAPITemplate.cpp">
      <Filter>소스 파일</Filter>
    </ClCompile>
    <ClCompile Include="MainGame.cpp">
      <Filter>GameFramework2D\MainGame</Filter>
    </ClCompile>
    <ClCompile Include="GameNode.cpp">
      <Filter>GameFramework2D\MainGame</Filter>
    </ClCompile>
    <ClCompile Include="KeyManager.cpp">
      <Filter>GameFramework2D\Manager</Filter>
    </ClCompile>
    <ClCompile Include="ShootingGallery.cpp">
      <Filter>GameFramework2D\Source</Filter>
    </ClCompile>
    <ClCompile Include="ShootingTarget.cpp">
      <Filter>GameFramework2D\Source</Filter>
    </ClCompile>
  </ItemGroup>
  <ItemGroup>
    <ResourceCompile Include="WinAPITemplate.rc">
      <Filter>리소스 파일</Filter>
    </ResourceCompile>
  </ItemGroup>
  <ItemGroup>
    <Image Include="small.ico">
      <Filter>리소스 파일</Filter>
    </Image>
    <Image Include="WinAPITemplate.ico">
      <Filter>리소스 파일</Filter>
    </Image>
  </ItemGroup>
</Project>